
Microsoft Visual Studio Solution File, Format Version 12.00
# Visual Studio Version 17
VisualStudioVersion = 17.3.32901.215
MinimumVisualStudioVersion = 10.0.40219.1
Project("{9A19103F-16F7-4668-BE54-9A1E7A4F7556}") = "ConsoleApp1", "ConsoleApp1.csproj", "{487081C5-E18B-4A68-A675-23E1B9986690}"
EndProject
Global
	GlobalSection(SolutionConfigurationPlatforms) = preSolution
		Debug|Any CPU = Debug|Any CPU
		Release|Any CPU = Release|Any CPU
	EndGlobalSection
	GlobalSection(ProjectConfigurationPlatforms) = postSolution
		{487081C5-E18B-4A68-A675-23E1B9986690}.Debug|Any CPU.ActiveCfg = Debug|Any CPU
		{487081C5-E18B-4A68-A675-23E1B9986690}.Debug|Any CPU.Build.0 = Debug|Any CPU
		{487081C5-E18B-4A68-A675-23E1B9986690}.Release|Any CPU.ActiveCfg = Release|Any CPU
		{487081C5-E18B-4A68-A675-23E1B9986690}.Release|Any CPU.Build.0 = Release|Any CPU
	EndGlobalSection
	GlobalSection(SolutionProperties) = preSolution
		HideSolutionNode = FALSE
	EndGlobalSection
	GlobalSection(ExtensibilityGlobals) = postSolution
		SolutionGuid = {A4367A23-A5FE-4455-B12A-04082128BB67}
	EndGlobalSection
EndGlobal
